
Microsoft Visual Studio Solution File, Format Version 12.00
# Visual Studio 2012
Project("{FAE04EC0-301F-11D3-BF4B-00C04F79EFBC}") = "RPG", "RPG.csproj", "{1C481E26-D088-43FB-8A86-10AF2BF6AB0E}"
EndProject
Global
	GlobalSection(SolutionConfigurationPlatforms) = preSolution
		Debug|Any CPU = Debug|Any CPU
		Release|Any CPU = Release|Any CPU
	EndGlobalSection
	GlobalSection(ProjectConfigurationPlatforms) = postSolution
		{1C481E26-D088-43FB-8A86-10AF2BF6AB0E}.Debug|Any CPU.ActiveCfg = Debug|Any CPU
		{1C481E26-D088-43FB-8A86-10AF2BF6AB0E}.Debug|Any CPU.Build.0 = Debug|Any CPU
		{1C481E26-D088-43FB-8A86-10AF2BF6AB0E}.Release|Any CPU.ActiveCfg = Release|Any CPU
		{1C481E26-D088-43FB-8A86-10AF2BF6AB0E}.Release|Any CPU.Build.0 = Release|Any CPU
	EndGlobalSection
	GlobalSection(SolutionProperties) = preSolution
		HideSolutionNode = FALSE
	EndGlobalSection
EndGlobal
